{
  "version": 4,
  "terraform_version": "1.12.2",
  "serial": 40,
  "lineage": "aa87e838-d92d-bb71-0c63-07cc346dbdba",
  "outputs": {
    "cluster_certificate_authority_data": {
      "value": "LS0tLS1CRUdJTiBDRVJUSUZJQ0FURS0tLS0tCk1JSURCVENDQWUyZ0F3SUJBZ0lJRFFFVFgxUWtBOE13RFFZSktvWklodmNOQVFFTEJRQXdGVEVUTUJFR0ExVUUKQXhNS2EzVmlaWEp1WlhSbGN6QWVGdzB5TlRBNU1Ea3dPVEF4TVRGYUZ3MHpOVEE1TURjd09UQTJNVEZhTUJVeApFekFSQmdOVkJBTVRDbXQxWW1WeWJtVjBaWE13Z2dFaU1BMEdDU3FHU0liM0RRRUJBUVVBQTRJQkR3QXdnZ0VLCkFvSUJBUURTUkVoOXRJUlkxMFZSUURCZW1HcC9GbWNVQU10WWlpcUp4TVJMdGFCYXhWMk5LQ3pXZ1M0Qm04b3cKWkduZ0ViejcvMVZpYk9CTGpNL21kVFYrWnBHUHNqdEdjMjZWQXk1Y00vWFJ6NTNzOWpIVWVWL1hnL1BRZTYxMgpUaHpQUzgyZncyTjIvcC9kRWUyc1ZxV1hrWjVSamhFbzlmOXRBR2JGVmN3VGNrTThjdlpyV1Y2Mzc3M0oxTEpMCmgvaGxNa3N5SnhOOUh6bWt0YlZPMWVSejlvenhTWE5WZFhmVVZSMHZCalBKWjdyaElCQmVvMzNXbzlUYk9BM1AKOGR6bGFwYUZ1NG1Ec2MrWGlLVWlTdW01YzAzQ0c1QklHckdoek1DZTU0SFVjMmh2UkJCSDdNaFh6Q01kQ3B1cAo4UkN4Q2ZiZVRQNGV1SUNtcms0Y1RrY085bjYxQWdNQkFBR2pXVEJYTUE0R0ExVWREd0VCL3dRRUF3SUNwREFQCkJnTlZIUk1CQWY4RUJUQURBUUgvTUIwR0ExVWREZ1FXQkJUNVRFcmhMamIrU3JyOXEyUmlvZTUyeFpBQU5EQVYKQmdOVkhSRUVEakFNZ2dwcmRXSmxjbTVsZEdWek1BMEdDU3FHU0liM0RRRUJDd1VBQTRJQkFRQnRhN3RtY1VTdApMejI1dWxYMEFuMWlscEo5L24vVVBxRW9vcU9BSFFKYTBKUENyQ01SUXpRaXVnNFFHTGVWN1I4MXo2RUc2Sy9HCm5sR29MNTNkOGhIRE00WDJITVpUSzNSMUtxM2d0Ry91Q0RFNGpuSHA2bTFkTlhWZ3FjZ3dYcThPOTN3RWxhYWEKQ0cvZjNMRG1zR3Z5eHI3SFB3OC82RVRFL01jWDlCUmdnM2JrTnM3cm8xS3VYMEl3bHJXaHRXaVlIRFJUSzB5UwpPWlNFbVloOHk4VGJweDhwdHhTZ0FGRUkrN3lTajI1YlZpeVlGOTl3WDJYamI2VCtXaXhzZWhVeUtjeldFVE5JCjBCNnNJdUp0cGV1bEJOSVRlV09GYkRXdHQ0K3k0RDhSWU1pQjBER213K2dHYTFrNlFBdVd1eENGdm1RTmNRNnIKak45UVhTRWovZXh0Ci0tLS0tRU5EIENFUlRJRklDQVRFLS0tLS0K",
      "type": "string"
    },
    "cluster_endpoint": {
      "value": "https://9181A6282C202417F6A8463BF27298E4.yl4.us-west-1.eks.amazonaws.com",
      "type": "string"
    },
    "cluster_security_group_id": {
      "value": "sg-080cf3d2a1ad76292",
      "type": "string"
    },
    "node_group_arn": {
      "value": "arn:aws:eks:us-west-1:909799647907:nodegroup/private-eks-cluster/private-eks-cluster-ng/dccc96de-5509-fd61-546b-74865cc07de1",
      "type": "string"
    }
  },
  "resources": [
    {
      "mode": "data",
      "type": "aws_availability_zones",
      "name": "available",
      "provider": "provider[\"registry.terraform.io/hashicorp/aws\"]",
      "instances": [
        {
          "schema_version": 0,
          "attributes": {
            "all_availability_zones": null,
            "exclude_names": null,
            "exclude_zone_ids": null,
            "filter": null,
            "group_names": [
              "us-west-1-zg-1"
            ],
            "id": "us-west-1",
            "names": [
              "us-west-1a",
              "us-west-1c"
            ],
            "region": "us-west-1",
            "state": "available",
            "timeouts": null,
            "zone_ids": [
              "usw1-az1",
              "usw1-az3"
            ]
          },
          "sensitive_attributes": [],
          "identity_schema_version": 0
        }
      ]
    },
    {
      "mode": "data",
      "type": "aws_iam_policy_document",
      "name": "eks_assume_role",
      "provider": "provider[\"registry.terraform.io/hashicorp/aws\"]",
      "instances": [
        {
          "schema_version": 0,
          "attributes": {
            "id": "742302374",
            "json": "{\n  \"Version\": \"2012-10-17\",\n  \"Statement\": [\n    {\n      \"Effect\": \"Allow\",\n      \"Action\": \"sts:AssumeRole\",\n      \"Principal\": {\n        \"Service\": \"eks.amazonaws.com\"\n      }\n    }\n  ]\n}",
            "minified_json": "{\"Version\":\"2012-10-17\",\"Statement\":[{\"Effect\":\"Allow\",\"Action\":\"sts:AssumeRole\",\"Principal\":{\"Service\":\"eks.amazonaws.com\"}}]}",
            "override_json": null,
            "override_policy_documents": null,
            "policy_id": null,
            "source_json": null,
            "source_policy_documents": null,
            "statement": [
              {
                "actions": [
                  "sts:AssumeRole"
                ],
                "condition": [],
                "effect": "Allow",
                "not_actions": [],
                "not_principals": [],
                "not_resources": [],
                "principals": [
                  {
                    "identifiers": [
                      "eks.amazonaws.com"
                    ],
                    "type": "Service"
                  }
                ],
                "resources": [],
                "sid": ""
              }
            ],
            "version": "2012-10-17"
          },
          "sensitive_attributes": [],
          "identity_schema_version": 0
        }
      ]
    },
    {
      "mode": "data",
      "type": "aws_iam_policy_document",
      "name": "node_assume_role",
      "provider": "provider[\"registry.terraform.io/hashicorp/aws\"]",
      "instances": [
        {
          "schema_version": 0,
          "attributes": {
            "id": "1443847869",
            "json": "{\n  \"Version\": \"2012-10-17\",\n  \"Statement\": [\n    {\n      \"Effect\": \"Allow\",\n      \"Action\": \"sts:AssumeRole\",\n      \"Principal\": {\n        \"Service\": \"ec2.amazonaws.com\"\n      }\n    }\n  ]\n}",
            "minified_json": "{\"Version\":\"2012-10-17\",\"Statement\":[{\"Effect\":\"Allow\",\"Action\":\"sts:AssumeRole\",\"Principal\":{\"Service\":\"ec2.amazonaws.com\"}}]}",
            "override_json": null,
            "override_policy_documents": null,
            "policy_id": null,
            "source_json": null,
            "source_policy_documents": null,
            "statement": [
              {
                "actions": [
                  "sts:AssumeRole"
                ],
                "condition": [],
                "effect": "Allow",
                "not_actions": [],
                "not_principals": [],
                "not_resources": [],
                "principals": [
                  {
                    "identifiers": [
                      "ec2.amazonaws.com"
                    ],
                    "type": "Service"
                  }
                ],
                "resources": [],
                "sid": ""
              }
            ],
            "version": "2012-10-17"
          },
          "sensitive_attributes": [],
          "identity_schema_version": 0
        }
      ]
    },
    {
      "mode": "managed",
      "type": "aws_eip",
      "name": "nat",
      "provider": "provider[\"registry.terraform.io/hashicorp/aws\"]",
      "instances": [
        {
          "schema_version": 0,
          "attributes": {
            "address": null,
            "allocation_id": "eipalloc-011e99819f9a75c2a",
            "arn": "arn:aws:ec2:us-west-1:909799647907:elastic-ip/eipalloc-011e99819f9a75c2a",
            "associate_with_private_ip": null,
            "association_id": "eipassoc-096508c043bdadbc2",
            "carrier_ip": "",
            "customer_owned_ip": "",
            "customer_owned_ipv4_pool": "",
            "domain": "vpc",
            "id": "eipalloc-011e99819f9a75c2a",
            "instance": "",
            "ipam_pool_id": null,
            "network_border_group": "us-west-1",
            "network_interface": "eni-06a8292af9b7d7d59",
            "private_dns": "ip-10-10-1-18.us-west-1.compute.internal",
            "private_ip": "10.10.1.18",
            "ptr_record": "",
            "public_dns": "ec2-13-52-140-38.us-west-1.compute.amazonaws.com",
            "public_ip": "13.52.140.38",
            "public_ipv4_pool": "amazon",
            "region": "us-west-1",
            "tags": {
              "Name": "private-eks-cluster-nat-eip"
            },
            "tags_all": {
              "Name": "private-eks-cluster-nat-eip"
            },
            "timeouts": null
          },
          "sensitive_attributes": [],
          "identity_schema_version": 0,
          "private": "eyJlMmJmYjczMC1lY2FhLTExZTYtOGY4OC0zNDM2M2JjN2M0YzAiOnsiZGVsZXRlIjoxODAwMDAwMDAwMDAsInJlYWQiOjkwMDAwMDAwMDAwMCwidXBkYXRlIjozMDAwMDAwMDAwMDB9fQ=="
        }
      ]
    },
    {
      "mode": "managed",
      "type": "aws_eks_cluster",
      "name": "this",
      "provider": "provider[\"registry.terraform.io/hashicorp/aws\"]",
      "instances": [
        {
          "schema_version": 1,
          "attributes": {
            "access_config": [
              {
                "authentication_mode": "CONFIG_MAP",
                "bootstrap_cluster_creator_admin_permissions": true
              }
            ],
            "arn": "arn:aws:eks:us-west-1:909799647907:cluster/private-eks-cluster",
            "bootstrap_self_managed_addons": true,
            "certificate_authority": [
              {
                "data": "LS0tLS1CRUdJTiBDRVJUSUZJQ0FURS0tLS0tCk1JSURCVENDQWUyZ0F3SUJBZ0lJRFFFVFgxUWtBOE13RFFZSktvWklodmNOQVFFTEJRQXdGVEVUTUJFR0ExVUUKQXhNS2EzVmlaWEp1WlhSbGN6QWVGdzB5TlRBNU1Ea3dPVEF4TVRGYUZ3MHpOVEE1TURjd09UQTJNVEZhTUJVeApFekFSQmdOVkJBTVRDbXQxWW1WeWJtVjBaWE13Z2dFaU1BMEdDU3FHU0liM0RRRUJBUVVBQTRJQkR3QXdnZ0VLCkFvSUJBUURTUkVoOXRJUlkxMFZSUURCZW1HcC9GbWNVQU10WWlpcUp4TVJMdGFCYXhWMk5LQ3pXZ1M0Qm04b3cKWkduZ0ViejcvMVZpYk9CTGpNL21kVFYrWnBHUHNqdEdjMjZWQXk1Y00vWFJ6NTNzOWpIVWVWL1hnL1BRZTYxMgpUaHpQUzgyZncyTjIvcC9kRWUyc1ZxV1hrWjVSamhFbzlmOXRBR2JGVmN3VGNrTThjdlpyV1Y2Mzc3M0oxTEpMCmgvaGxNa3N5SnhOOUh6bWt0YlZPMWVSejlvenhTWE5WZFhmVVZSMHZCalBKWjdyaElCQmVvMzNXbzlUYk9BM1AKOGR6bGFwYUZ1NG1Ec2MrWGlLVWlTdW01YzAzQ0c1QklHckdoek1DZTU0SFVjMmh2UkJCSDdNaFh6Q01kQ3B1cAo4UkN4Q2ZiZVRQNGV1SUNtcms0Y1RrY085bjYxQWdNQkFBR2pXVEJYTUE0R0ExVWREd0VCL3dRRUF3SUNwREFQCkJnTlZIUk1CQWY4RUJUQURBUUgvTUIwR0ExVWREZ1FXQkJUNVRFcmhMamIrU3JyOXEyUmlvZTUyeFpBQU5EQVYKQmdOVkhSRUVEakFNZ2dwcmRXSmxjbTVsZEdWek1BMEdDU3FHU0liM0RRRUJDd1VBQTRJQkFRQnRhN3RtY1VTdApMejI1dWxYMEFuMWlscEo5L24vVVBxRW9vcU9BSFFKYTBKUENyQ01SUXpRaXVnNFFHTGVWN1I4MXo2RUc2Sy9HCm5sR29MNTNkOGhIRE00WDJITVpUSzNSMUtxM2d0Ry91Q0RFNGpuSHA2bTFkTlhWZ3FjZ3dYcThPOTN3RWxhYWEKQ0cvZjNMRG1zR3Z5eHI3SFB3OC82RVRFL01jWDlCUmdnM2JrTnM3cm8xS3VYMEl3bHJXaHRXaVlIRFJUSzB5UwpPWlNFbVloOHk4VGJweDhwdHhTZ0FGRUkrN3lTajI1YlZpeVlGOTl3WDJYamI2VCtXaXhzZWhVeUtjeldFVE5JCjBCNnNJdUp0cGV1bEJOSVRlV09GYkRXdHQ0K3k0RDhSWU1pQjBER213K2dHYTFrNlFBdVd1eENGdm1RTmNRNnIKak45UVhTRWovZXh0Ci0tLS0tRU5EIENFUlRJRklDQVRFLS0tLS0K"
              }
            ],
            "cluster_id": null,
            "compute_config": [],
            "created_at": "2025-09-09T09:01:06Z",
            "deletion_protection": false,
            "enabled_cluster_log_types": [
              "api",
              "audit",
              "authenticator"
            ],
            "encryption_config": [],
            "endpoint": "https://9181A6282C202417F6A8463BF27298E4.yl4.us-west-1.eks.amazonaws.com",
            "force_update_version": null,
            "id": "private-eks-cluster",
            "identity": [
              {
                "oidc": [
                  {
                    "issuer": "https://oidc.eks.us-west-1.amazonaws.com/id/9181A6282C202417F6A8463BF27298E4"
                  }
                ]
              }
            ],
            "kubernetes_network_config": [
              {
                "elastic_load_balancing": [
                  {
                    "enabled": false
                  }
                ],
                "ip_family": "ipv4",
                "service_ipv4_cidr": "172.20.0.0/16",
                "service_ipv6_cidr": ""
              }
            ],
            "name": "private-eks-cluster",
            "outpost_config": [],
            "platform_version": "eks.52",
            "region": "us-west-1",
            "remote_network_config": [],
            "role_arn": "arn:aws:iam::909799647907:role/private-eks-cluster-cluster-role21",
            "status": "ACTIVE",
            "storage_config": [],
            "tags": {
              "Name": "private-eks-cluster"
            },
            "tags_all": {
              "Name": "private-eks-cluster"
            },
            "timeouts": null,
            "upgrade_policy": [
              {
                "support_type": "EXTENDED"
              }
            ],
            "version": "1.28",
            "vpc_config": [
              {
                "cluster_security_group_id": "sg-080cf3d2a1ad76292",
                "endpoint_private_access": true,
                "endpoint_public_access": false,
                "public_access_cidrs": [],
                "security_group_ids": null,
                "subnet_ids": [
                  "subnet-05f17513bb125add4",
                  "subnet-0f22eb0fe7c7915ac"
                ],
                "vpc_id": "vpc-0d9268359fbd3a194"
              }
            ],
            "zonal_shift_config": []
          },
          "sensitive_attributes": [],
          "identity_schema_version": 0,
          "private": "eyJlMmJmYjczMC1lY2FhLTExZTYtOGY4OC0zNDM2M2JjN2M0YzAiOnsiY3JlYXRlIjoxODAwMDAwMDAwMDAwLCJkZWxldGUiOjkwMDAwMDAwMDAwMCwidXBkYXRlIjozNjAwMDAwMDAwMDAwfSwic2NoZW1hX3ZlcnNpb24iOiIxIn0=",
          "dependencies": [
            "aws_iam_role.eks_cluster",
            "aws_iam_role_policy_attachment.eks_cluster_AmazonEKSClusterPolicy",
            "aws_iam_role_policy_attachment.eks_cluster_AmazonEKSServicePolicy",
            "aws_subnet.private",
            "aws_vpc.this",
            "data.aws_availability_zones.available",
            "data.aws_iam_policy_document.eks_assume_role"
          ]
        }
      ]
    },
    {
      "mode": "managed",
      "type": "aws_eks_node_group",
      "name": "managed_nodes",
      "provider": "provider[\"registry.terraform.io/hashicorp/aws\"]",
      "instances": [
        {
          "schema_version": 0,
          "attributes": {
            "ami_type": "AL2_x86_64",
            "arn": "arn:aws:eks:us-west-1:909799647907:nodegroup/private-eks-cluster/private-eks-cluster-ng/dccc96de-5509-fd61-546b-74865cc07de1",
            "capacity_type": "ON_DEMAND",
            "cluster_name": "private-eks-cluster",
            "disk_size": 20,
            "force_update_version": null,
            "id": "private-eks-cluster:private-eks-cluster-ng",
            "instance_types": [
              "t2.medium"
            ],
            "labels": null,
            "launch_template": [],
            "node_group_name": "private-eks-cluster-ng",
            "node_group_name_prefix": "",
            "node_repair_config": [],
            "node_role_arn": "arn:aws:iam::909799647907:role/private-eks-cluster-node-role21",
            "region": "us-west-1",
            "release_version": "1.28.15-20250904",
            "remote_access": [],
            "resources": [
              {
                "autoscaling_groups": [
                  {
                    "name": "eks-private-eks-cluster-ng-dccc96de-5509-fd61-546b-74865cc07de1"
                  }
                ],
                "remote_access_security_group_id": ""
              }
            ],
            "scaling_config": [
              {
                "desired_size": 2,
                "max_size": 3,
                "min_size": 1
              }
            ],
            "status": "ACTIVE",
            "subnet_ids": [
              "subnet-05f17513bb125add4",
              "subnet-0f22eb0fe7c7915ac"
            ],
            "tags": {
              "Name": "private-eks-cluster-managed-node"
            },
            "tags_all": {
              "Name": "private-eks-cluster-managed-node"
            },
            "taint": [],
            "timeouts": null,
            "update_config": [
              {
                "max_unavailable": 1,
                "max_unavailable_percentage": 0
              }
            ],
            "version": "1.28"
          },
          "sensitive_attributes": [],
          "identity_schema_version": 0,
          "private": "eyJlMmJmYjczMC1lY2FhLTExZTYtOGY4OC0zNDM2M2JjN2M0YzAiOnsiY3JlYXRlIjozNjAwMDAwMDAwMDAwLCJkZWxldGUiOjM2MDAwMDAwMDAwMDAsInVwZGF0ZSI6MzYwMDAwMDAwMDAwMH19",
          "dependencies": [
            "aws_eks_cluster.this",
            "aws_iam_role.eks_cluster",
            "aws_iam_role.node_group",
            "aws_iam_role_policy_attachment.eks_cluster_AmazonEKSClusterPolicy",
            "aws_iam_role_policy_attachment.eks_cluster_AmazonEKSServicePolicy",
            "aws_subnet.private",
            "aws_vpc.this",
            "data.aws_availability_zones.available",
            "data.aws_iam_policy_document.eks_assume_role",
            "data.aws_iam_policy_document.node_assume_role"
          ]
        }
      ]
    },
    {
      "mode": "managed",
      "type": "aws_iam_role",
      "name": "eks_cluster",
      "provider": "provider[\"registry.terraform.io/hashicorp/aws\"]",
      "instances": [
        {
          "schema_version": 0,
          "attributes": {
            "arn": "arn:aws:iam::909799647907:role/private-eks-cluster-cluster-role21",
            "assume_role_policy": "{\"Statement\":[{\"Action\":\"sts:AssumeRole\",\"Effect\":\"Allow\",\"Principal\":{\"Service\":\"eks.amazonaws.com\"}}],\"Version\":\"2012-10-17\"}",
            "create_date": "2025-09-09T09:01:01Z",
            "description": "",
            "force_detach_policies": false,
            "id": "private-eks-cluster-cluster-role21",
            "inline_policy": [],
            "managed_policy_arns": [],
            "max_session_duration": 3600,
            "name": "private-eks-cluster-cluster-role21",
            "name_prefix": "",
            "path": "/",
            "permissions_boundary": "",
            "tags": {
              "Name": "private-eks-cluster-cluster-role"
            },
            "tags_all": {
              "Name": "private-eks-cluster-cluster-role"
            },
            "unique_id": "AROA5HVCI5KRQTG5OZGW2"
          },
          "sensitive_attributes": [],
          "identity_schema_version": 0,
          "identity": {
            "account_id": "909799647907",
            "name": "private-eks-cluster-cluster-role21"
          },
          "private": "bnVsbA==",
          "dependencies": [
            "data.aws_iam_policy_document.eks_assume_role"
          ]
        }
      ]
    },
    {
      "mode": "managed",
      "type": "aws_iam_role",
      "name": "node_group",
      "provider": "provider[\"registry.terraform.io/hashicorp/aws\"]",
      "instances": [
        {
          "schema_version": 0,
          "attributes": {
            "arn": "arn:aws:iam::909799647907:role/private-eks-cluster-node-role21",
            "assume_role_policy": "{\"Statement\":[{\"Action\":\"sts:AssumeRole\",\"Effect\":\"Allow\",\"Principal\":{\"Service\":\"ec2.amazonaws.com\"}}],\"Version\":\"2012-10-17\"}",
            "create_date": "2025-09-09T09:01:01Z",
            "description": "",
            "force_detach_policies": false,
            "id": "private-eks-cluster-node-role21",
            "inline_policy": [],
            "managed_policy_arns": [],
            "max_session_duration": 3600,
            "name": "private-eks-cluster-node-role21",
            "name_prefix": "",
            "path": "/",
            "permissions_boundary": "",
            "tags": {
              "Name": "private-eks-cluster-node-role"
            },
            "tags_all": {
              "Name": "private-eks-cluster-node-role"
            },
            "unique_id": "AROA5HVCI5KRRWMQ6AWYV"
          },
          "sensitive_attributes": [],
          "identity_schema_version": 0,
          "identity": {
            "account_id": "909799647907",
            "name": "private-eks-cluster-node-role21"
          },
          "private": "bnVsbA==",
          "dependencies": [
            "data.aws_iam_policy_document.node_assume_role"
          ]
        }
      ]
    },
    {
      "mode": "managed",
      "type": "aws_iam_role_policy_attachment",
      "name": "eks_cluster_AmazonEKSClusterPolicy",
      "provider": "provider[\"registry.terraform.io/hashicorp/aws\"]",
      "instances": [
        {
          "schema_version": 0,
          "attributes": {
            "id": "private-eks-cluster-cluster-role21/arn:aws:iam::aws:policy/AmazonEKSClusterPolicy",
            "policy_arn": "arn:aws:iam::aws:policy/AmazonEKSClusterPolicy",
            "role": "private-eks-cluster-cluster-role21"
          },
          "sensitive_attributes": [],
          "identity_schema_version": 0,
          "identity": {
            "account_id": "909799647907",
            "policy_arn": "arn:aws:iam::aws:policy/AmazonEKSClusterPolicy",
            "role": "private-eks-cluster-cluster-role21"
          },
          "private": "bnVsbA==",
          "dependencies": [
            "aws_iam_role.eks_cluster",
            "data.aws_iam_policy_document.eks_assume_role"
          ]
        }
      ]
    },
    {
      "mode": "managed",
      "type": "aws_iam_role_policy_attachment",
      "name": "eks_cluster_AmazonEKSServicePolicy",
      "provider": "provider[\"registry.terraform.io/hashicorp/aws\"]",
      "instances": [
        {
          "schema_version": 0,
          "attributes": {
            "id": "private-eks-cluster-cluster-role21/arn:aws:iam::aws:policy/AmazonEKSServicePolicy",
            "policy_arn": "arn:aws:iam::aws:policy/AmazonEKSServicePolicy",
            "role": "private-eks-cluster-cluster-role21"
          },
          "sensitive_attributes": [],
          "identity_schema_version": 0,
          "identity": {
            "account_id": "909799647907",
            "policy_arn": "arn:aws:iam::aws:policy/AmazonEKSServicePolicy",
            "role": "private-eks-cluster-cluster-role21"
          },
          "private": "bnVsbA==",
          "dependencies": [
            "aws_iam_role.eks_cluster",
            "data.aws_iam_policy_document.eks_assume_role"
          ]
        }
      ]
    },
    {
      "mode": "managed",
      "type": "aws_iam_role_policy_attachment",
      "name": "node_AmazonEC2ContainerRegistryReadOnly",
      "provider": "provider[\"registry.terraform.io/hashicorp/aws\"]",
      "instances": [
        {
          "schema_version": 0,
          "attributes": {
            "id": "private-eks-cluster-node-role21/arn:aws:iam::aws:policy/AmazonEC2ContainerRegistryReadOnly",
            "policy_arn": "arn:aws:iam::aws:policy/AmazonEC2ContainerRegistryReadOnly",
            "role": "private-eks-cluster-node-role21"
          },
          "sensitive_attributes": [],
          "identity_schema_version": 0,
          "identity": {
            "account_id": "909799647907",
            "policy_arn": "arn:aws:iam::aws:policy/AmazonEC2ContainerRegistryReadOnly",
            "role": "private-eks-cluster-node-role21"
          },
          "private": "bnVsbA==",
          "dependencies": [
            "aws_iam_role.node_group",
            "data.aws_iam_policy_document.node_assume_role"
          ]
        }
      ]
    },
    {
      "mode": "managed",
      "type": "aws_iam_role_policy_attachment",
      "name": "node_AmazonEKSWorkerNodePolicy",
      "provider": "provider[\"registry.terraform.io/hashicorp/aws\"]",
      "instances": [
        {
          "schema_version": 0,
          "attributes": {
            "id": "private-eks-cluster-node-role21/arn:aws:iam::aws:policy/AmazonEKSWorkerNodePolicy",
            "policy_arn": "arn:aws:iam::aws:policy/AmazonEKSWorkerNodePolicy",
            "role": "private-eks-cluster-node-role21"
          },
          "sensitive_attributes": [],
          "identity_schema_version": 0,
          "identity": {
            "account_id": "909799647907",
            "policy_arn": "arn:aws:iam::aws:policy/AmazonEKSWorkerNodePolicy",
            "role": "private-eks-cluster-node-role21"
          },
          "private": "bnVsbA==",
          "dependencies": [
            "aws_iam_role.node_group",
            "data.aws_iam_policy_document.node_assume_role"
          ]
        }
      ]
    },
    {
      "mode": "managed",
      "type": "aws_iam_role_policy_attachment",
      "name": "node_AmazonEKS_CNI_Policy",
      "provider": "provider[\"registry.terraform.io/hashicorp/aws\"]",
      "instances": [
        {
          "schema_version": 0,
          "attributes": {
            "id": "private-eks-cluster-node-role21/arn:aws:iam::aws:policy/AmazonEKS_CNI_Policy",
            "policy_arn": "arn:aws:iam::aws:policy/AmazonEKS_CNI_Policy",
            "role": "private-eks-cluster-node-role21"
          },
          "sensitive_attributes": [],
          "identity_schema_version": 0,
          "identity": {
            "account_id": "909799647907",
            "policy_arn": "arn:aws:iam::aws:policy/AmazonEKS_CNI_Policy",
            "role": "private-eks-cluster-node-role21"
          },
          "private": "bnVsbA==",
          "dependencies": [
            "aws_iam_role.node_group",
            "data.aws_iam_policy_document.node_assume_role"
          ]
        }
      ]
    },
    {
      "mode": "managed",
      "type": "aws_iam_role_policy_attachment",
      "name": "node_AmazonSSMManagedInstanceCore",
      "provider": "provider[\"registry.terraform.io/hashicorp/aws\"]",
      "instances": [
        {
          "schema_version": 0,
          "attributes": {
            "id": "private-eks-cluster-node-role21/arn:aws:iam::aws:policy/AmazonSSMManagedInstanceCore",
            "policy_arn": "arn:aws:iam::aws:policy/AmazonSSMManagedInstanceCore",
            "role": "private-eks-cluster-node-role21"
          },
          "sensitive_attributes": [],
          "identity_schema_version": 0,
          "identity": {
            "account_id": "909799647907",
            "policy_arn": "arn:aws:iam::aws:policy/AmazonSSMManagedInstanceCore",
            "role": "private-eks-cluster-node-role21"
          },
          "private": "bnVsbA==",
          "dependencies": [
            "aws_iam_role.node_group",
            "data.aws_iam_policy_document.node_assume_role"
          ]
        }
      ]
    },
    {
      "mode": "managed",
      "type": "aws_internet_gateway",
      "name": "igw",
      "provider": "provider[\"registry.terraform.io/hashicorp/aws\"]",
      "instances": [
        {
          "schema_version": 0,
          "attributes": {
            "arn": "arn:aws:ec2:us-west-1:909799647907:internet-gateway/igw-0023621cf88734e38",
            "id": "igw-0023621cf88734e38",
            "owner_id": "909799647907",
            "region": "us-west-1",
            "tags": {
              "Name": "private-eks-cluster-igw"
            },
            "tags_all": {
              "Name": "private-eks-cluster-igw"
            },
            "timeouts": null,
            "vpc_id": "vpc-0d9268359fbd3a194"
          },
          "sensitive_attributes": [],
          "identity_schema_version": 0,
          "private": "eyJlMmJmYjczMC1lY2FhLTExZTYtOGY4OC0zNDM2M2JjN2M0YzAiOnsiY3JlYXRlIjoxMjAwMDAwMDAwMDAwLCJkZWxldGUiOjEyMDAwMDAwMDAwMDAsInVwZGF0ZSI6MTIwMDAwMDAwMDAwMH19",
          "dependencies": [
            "aws_vpc.this"
          ]
        }
      ]
    },
    {
      "mode": "managed",
      "type": "aws_nat_gateway",
      "name": "nat",
      "provider": "provider[\"registry.terraform.io/hashicorp/aws\"]",
      "instances": [
        {
          "schema_version": 0,
          "attributes": {
            "allocation_id": "eipalloc-011e99819f9a75c2a",
            "association_id": "eipassoc-096508c043bdadbc2",
            "connectivity_type": "public",
            "id": "nat-0d73a9f0ab1e38dfb",
            "network_interface_id": "eni-06a8292af9b7d7d59",
            "private_ip": "10.10.1.18",
            "public_ip": "13.52.140.38",
            "region": "us-west-1",
            "secondary_allocation_ids": [],
            "secondary_private_ip_address_count": 0,
            "secondary_private_ip_addresses": [],
            "subnet_id": "subnet-0225439023c4bea03",
            "tags": {
              "Name": "private-eks-cluster-natgw"
            },
            "tags_all": {
              "Name": "private-eks-cluster-natgw"
            },
            "timeouts": null
          },
          "sensitive_attributes": [],
          "identity_schema_version": 0,
          "private": "eyJlMmJmYjczMC1lY2FhLTExZTYtOGY4OC0zNDM2M2JjN2M0YzAiOnsiY3JlYXRlIjo2MDAwMDAwMDAwMDAsImRlbGV0ZSI6MTgwMDAwMDAwMDAwMCwidXBkYXRlIjo2MDAwMDAwMDAwMDB9fQ==",
          "dependencies": [
            "aws_eip.nat",
            "aws_internet_gateway.igw",
            "aws_subnet.public",
            "aws_vpc.this",
            "data.aws_availability_zones.available"
          ]
        }
      ]
    },
    {
      "mode": "managed",
      "type": "aws_route_table",
      "name": "private",
      "provider": "provider[\"registry.terraform.io/hashicorp/aws\"]",
      "instances": [
        {
          "schema_version": 0,
          "attributes": {
            "arn": "arn:aws:ec2:us-west-1:909799647907:route-table/rtb-06a876c6fb84ab4ea",
            "id": "rtb-06a876c6fb84ab4ea",
            "owner_id": "909799647907",
            "propagating_vgws": [],
            "region": "us-west-1",
            "route": [
              {
                "carrier_gateway_id": "",
                "cidr_block": "0.0.0.0/0",
                "core_network_arn": "",
                "destination_prefix_list_id": "",
                "egress_only_gateway_id": "",
                "gateway_id": "",
                "ipv6_cidr_block": "",
                "local_gateway_id": "",
                "nat_gateway_id": "nat-0d73a9f0ab1e38dfb",
                "network_interface_id": "",
                "transit_gateway_id": "",
                "vpc_endpoint_id": "",
                "vpc_peering_connection_id": ""
              }
            ],
            "tags": {
              "Name": "private-eks-cluster-private-rt"
            },
            "tags_all": {
              "Name": "private-eks-cluster-private-rt"
            },
            "timeouts": null,
            "vpc_id": "vpc-0d9268359fbd3a194"
          },
          "sensitive_attributes": [],
          "identity_schema_version": 0,
          "identity": {
            "account_id": "909799647907",
            "id": "rtb-06a876c6fb84ab4ea",
            "region": "us-west-1"
          },
          "private": "eyJlMmJmYjczMC1lY2FhLTExZTYtOGY4OC0zNDM2M2JjN2M0YzAiOnsiY3JlYXRlIjozMDAwMDAwMDAwMDAsImRlbGV0ZSI6MzAwMDAwMDAwMDAwLCJ1cGRhdGUiOjEyMDAwMDAwMDAwMH19",
          "dependencies": [
            "aws_eip.nat",
            "aws_internet_gateway.igw",
            "aws_nat_gateway.nat",
            "aws_subnet.public",
            "aws_vpc.this",
            "data.aws_availability_zones.available"
          ]
        }
      ]
    },
    {
      "mode": "managed",
      "type": "aws_route_table",
      "name": "public",
      "provider": "provider[\"registry.terraform.io/hashicorp/aws\"]",
      "instances": [
        {
          "schema_version": 0,
          "attributes": {
            "arn": "arn:aws:ec2:us-west-1:909799647907:route-table/rtb-03d48cfcf80ba0660",
            "id": "rtb-03d48cfcf80ba0660",
            "owner_id": "909799647907",
            "propagating_vgws": [],
            "region": "us-west-1",
            "route": [
              {
                "carrier_gateway_id": "",
                "cidr_block": "0.0.0.0/0",
                "core_network_arn": "",
                "destination_prefix_list_id": "",
                "egress_only_gateway_id": "",
                "gateway_id": "igw-0023621cf88734e38",
                "ipv6_cidr_block": "",
                "local_gateway_id": "",
                "nat_gateway_id": "",
                "network_interface_id": "",
                "transit_gateway_id": "",
                "vpc_endpoint_id": "",
                "vpc_peering_connection_id": ""
              }
            ],
            "tags": {
              "Name": "private-eks-cluster-public-rt"
            },
            "tags_all": {
              "Name": "private-eks-cluster-public-rt"
            },
            "timeouts": null,
            "vpc_id": "vpc-0d9268359fbd3a194"
          },
          "sensitive_attributes": [],
          "identity_schema_version": 0,
          "identity": {
            "account_id": "909799647907",
            "id": "rtb-03d48cfcf80ba0660",
            "region": "us-west-1"
          },
          "private": "eyJlMmJmYjczMC1lY2FhLTExZTYtOGY4OC0zNDM2M2JjN2M0YzAiOnsiY3JlYXRlIjozMDAwMDAwMDAwMDAsImRlbGV0ZSI6MzAwMDAwMDAwMDAwLCJ1cGRhdGUiOjEyMDAwMDAwMDAwMH19",
          "dependencies": [
            "aws_internet_gateway.igw",
            "aws_vpc.this"
          ]
        }
      ]
    },
    {
      "mode": "managed",
      "type": "aws_route_table_association",
      "name": "private_assoc",
      "provider": "provider[\"registry.terraform.io/hashicorp/aws\"]",
      "instances": [
        {
          "index_key": "0",
          "schema_version": 0,
          "attributes": {
            "gateway_id": "",
            "id": "rtbassoc-00a6b0c5548e75b30",
            "region": "us-west-1",
            "route_table_id": "rtb-06a876c6fb84ab4ea",
            "subnet_id": "subnet-05f17513bb125add4",
            "timeouts": null
          },
          "sensitive_attributes": [],
          "identity_schema_version": 0,
          "private": "eyJlMmJmYjczMC1lY2FhLTExZTYtOGY4OC0zNDM2M2JjN2M0YzAiOnsiY3JlYXRlIjozMDAwMDAwMDAwMDAsImRlbGV0ZSI6MzAwMDAwMDAwMDAwLCJ1cGRhdGUiOjEyMDAwMDAwMDAwMH19",
          "dependencies": [
            "aws_eip.nat",
            "aws_internet_gateway.igw",
            "aws_nat_gateway.nat",
            "aws_route_table.private",
            "aws_subnet.private",
            "aws_subnet.public",
            "aws_vpc.this",
            "data.aws_availability_zones.available"
          ]
        },
        {
          "index_key": "1",
          "schema_version": 0,
          "attributes": {
            "gateway_id": "",
            "id": "rtbassoc-0a67c17accc0813e5",
            "region": "us-west-1",
            "route_table_id": "rtb-06a876c6fb84ab4ea",
            "subnet_id": "subnet-0f22eb0fe7c7915ac",
            "timeouts": null
          },
          "sensitive_attributes": [],
          "identity_schema_version": 0,
          "private": "eyJlMmJmYjczMC1lY2FhLTExZTYtOGY4OC0zNDM2M2JjN2M0YzAiOnsiY3JlYXRlIjozMDAwMDAwMDAwMDAsImRlbGV0ZSI6MzAwMDAwMDAwMDAwLCJ1cGRhdGUiOjEyMDAwMDAwMDAwMH19",
          "dependencies": [
            "aws_eip.nat",
            "aws_internet_gateway.igw",
            "aws_nat_gateway.nat",
            "aws_route_table.private",
            "aws_subnet.private",
            "aws_subnet.public",
            "aws_vpc.this",
            "data.aws_availability_zones.available"
          ]
        }
      ]
    },
    {
      "mode": "managed",
      "type": "aws_route_table_association",
      "name": "public_assoc",
      "provider": "provider[\"registry.terraform.io/hashicorp/aws\"]",
      "instances": [
        {
          "index_key": "0",
          "schema_version": 0,
          "attributes": {
            "gateway_id": "",
            "id": "rtbassoc-0788dd552b0d0732a",
            "region": "us-west-1",
            "route_table_id": "rtb-03d48cfcf80ba0660",
            "subnet_id": "subnet-0225439023c4bea03",
            "timeouts": null
          },
          "sensitive_attributes": [],
          "identity_schema_version": 0,
          "private": "eyJlMmJmYjczMC1lY2FhLTExZTYtOGY4OC0zNDM2M2JjN2M0YzAiOnsiY3JlYXRlIjozMDAwMDAwMDAwMDAsImRlbGV0ZSI6MzAwMDAwMDAwMDAwLCJ1cGRhdGUiOjEyMDAwMDAwMDAwMH19",
          "dependencies": [
            "aws_internet_gateway.igw",
            "aws_route_table.public",
            "aws_subnet.public",
            "aws_vpc.this",
            "data.aws_availability_zones.available"
          ]
        },
        {
          "index_key": "1",
          "schema_version": 0,
          "attributes": {
            "gateway_id": "",
            "id": "rtbassoc-07736cbfb2b99a061",
            "region": "us-west-1",
            "route_table_id": "rtb-03d48cfcf80ba0660",
            "subnet_id": "subnet-021db68fb3b1a81e1",
            "timeouts": null
          },
          "sensitive_attributes": [],
          "identity_schema_version": 0,
          "private": "eyJlMmJmYjczMC1lY2FhLTExZTYtOGY4OC0zNDM2M2JjN2M0YzAiOnsiY3JlYXRlIjozMDAwMDAwMDAwMDAsImRlbGV0ZSI6MzAwMDAwMDAwMDAwLCJ1cGRhdGUiOjEyMDAwMDAwMDAwMH19",
          "dependencies": [
            "aws_internet_gateway.igw",
            "aws_route_table.public",
            "aws_subnet.public",
            "aws_vpc.this",
            "data.aws_availability_zones.available"
          ]
        }
      ]
    },
    {
      "mode": "managed",
      "type": "aws_security_group",
      "name": "endpoints_sg",
      "provider": "provider[\"registry.terraform.io/hashicorp/aws\"]",
      "instances": [
        {
          "schema_version": 1,
          "attributes": {
            "arn": "arn:aws:ec2:us-west-1:909799647907:security-group/sg-01314471ce12f46e0",
            "description": "Security group for interface endpoints",
            "egress": [
              {
                "cidr_blocks": [
                  "0.0.0.0/0"
                ],
                "description": "",
                "from_port": 0,
                "ipv6_cidr_blocks": [],
                "prefix_list_ids": [],
                "protocol": "-1",
                "security_groups": [],
                "self": false,
                "to_port": 0
              }
            ],
            "id": "sg-01314471ce12f46e0",
            "ingress": [
              {
                "cidr_blocks": [
                  "10.10.0.0/16"
                ],
                "description": "",
                "from_port": 443,
                "ipv6_cidr_blocks": [],
                "prefix_list_ids": [],
                "protocol": "tcp",
                "security_groups": [],
                "self": false,
                "to_port": 443
              }
            ],
            "name": "private-eks-cluster-endpoints-sg",
            "name_prefix": "",
            "owner_id": "909799647907",
            "region": "us-west-1",
            "revoke_rules_on_delete": false,
            "tags": {
              "Name": "private-eks-cluster-endpoints-sg"
            },
            "tags_all": {
              "Name": "private-eks-cluster-endpoints-sg"
            },
            "timeouts": null,
            "vpc_id": "vpc-0d9268359fbd3a194"
          },
          "sensitive_attributes": [],
          "identity_schema_version": 0,
          "identity": {
            "account_id": "909799647907",
            "id": "sg-01314471ce12f46e0",
            "region": "us-west-1"
          },
          "private": "eyJlMmJmYjczMC1lY2FhLTExZTYtOGY4OC0zNDM2M2JjN2M0YzAiOnsiY3JlYXRlIjo2MDAwMDAwMDAwMDAsImRlbGV0ZSI6OTAwMDAwMDAwMDAwfSwic2NoZW1hX3ZlcnNpb24iOiIxIn0=",
          "dependencies": [
            "aws_vpc.this"
          ]
        }
      ]
    },
    {
      "mode": "managed",
      "type": "aws_security_group",
      "name": "workers",
      "provider": "provider[\"registry.terraform.io/hashicorp/aws\"]",
      "instances": [
        {
          "schema_version": 1,
          "attributes": {
            "arn": "arn:aws:ec2:us-west-1:909799647907:security-group/sg-0f4b7f52c105163f6",
            "description": "Security group for EKS worker nodes",
            "egress": [
              {
                "cidr_blocks": [
                  "0.0.0.0/0"
                ],
                "description": "",
                "from_port": 0,
                "ipv6_cidr_blocks": [],
                "prefix_list_ids": [],
                "protocol": "-1",
                "security_groups": [],
                "self": false,
                "to_port": 0
              }
            ],
            "id": "sg-0f4b7f52c105163f6",
            "ingress": [
              {
                "cidr_blocks": [
                  "10.10.0.0/16"
                ],
                "description": "Allow nodes to reach control plane",
                "from_port": 443,
                "ipv6_cidr_blocks": [],
                "prefix_list_ids": [],
                "protocol": "tcp",
                "security_groups": [],
                "self": false,
                "to_port": 443
              },
              {
                "cidr_blocks": [],
                "description": "Allow intra-node communication",
                "from_port": 0,
                "ipv6_cidr_blocks": [],
                "prefix_list_ids": [],
                "protocol": "-1",
                "security_groups": [],
                "self": true,
                "to_port": 0
              }
            ],
            "name": "private-eks-cluster-workers-sg",
            "name_prefix": "",
            "owner_id": "909799647907",
            "region": "us-west-1",
            "revoke_rules_on_delete": false,
            "tags": {
              "Name": "private-eks-cluster-workers-sg"
            },
            "tags_all": {
              "Name": "private-eks-cluster-workers-sg"
            },
            "timeouts": null,
            "vpc_id": "vpc-0d9268359fbd3a194"
          },
          "sensitive_attributes": [],
          "identity_schema_version": 0,
          "identity": {
            "account_id": "909799647907",
            "id": "sg-0f4b7f52c105163f6",
            "region": "us-west-1"
          },
          "private": "eyJlMmJmYjczMC1lY2FhLTExZTYtOGY4OC0zNDM2M2JjN2M0YzAiOnsiY3JlYXRlIjo2MDAwMDAwMDAwMDAsImRlbGV0ZSI6OTAwMDAwMDAwMDAwfSwic2NoZW1hX3ZlcnNpb24iOiIxIn0=",
          "dependencies": [
            "aws_vpc.this"
          ]
        }
      ]
    },
    {
      "mode": "managed",
      "type": "aws_subnet",
      "name": "private",
      "provider": "provider[\"registry.terraform.io/hashicorp/aws\"]",
      "instances": [
        {
          "index_key": "0",
          "schema_version": 1,
          "attributes": {
            "arn": "arn:aws:ec2:us-west-1:909799647907:subnet/subnet-05f17513bb125add4",
            "assign_ipv6_address_on_creation": false,
            "availability_zone": "us-west-1a",
            "availability_zone_id": "usw1-az1",
            "cidr_block": "10.10.11.0/24",
            "customer_owned_ipv4_pool": "",
            "enable_dns64": false,
            "enable_lni_at_device_index": 0,
            "enable_resource_name_dns_a_record_on_launch": false,
            "enable_resource_name_dns_aaaa_record_on_launch": false,
            "id": "subnet-05f17513bb125add4",
            "ipv6_cidr_block": "",
            "ipv6_cidr_block_association_id": "",
            "ipv6_native": false,
            "map_customer_owned_ip_on_launch": false,
            "map_public_ip_on_launch": false,
            "outpost_arn": "",
            "owner_id": "909799647907",
            "private_dns_hostname_type_on_launch": "ip-name",
            "region": "us-west-1",
            "tags": {
              "Name": "private-eks-cluster-private-0"
            },
            "tags_all": {
              "Name": "private-eks-cluster-private-0"
            },
            "timeouts": null,
            "vpc_id": "vpc-0d9268359fbd3a194"
          },
          "sensitive_attributes": [],
          "identity_schema_version": 0,
          "identity": {
            "account_id": "909799647907",
            "id": "subnet-05f17513bb125add4",
            "region": "us-west-1"
          },
          "private": "eyJlMmJmYjczMC1lY2FhLTExZTYtOGY4OC0zNDM2M2JjN2M0YzAiOnsiY3JlYXRlIjo2MDAwMDAwMDAwMDAsImRlbGV0ZSI6MTIwMDAwMDAwMDAwMH0sInNjaGVtYV92ZXJzaW9uIjoiMSJ9",
          "dependencies": [
            "aws_vpc.this",
            "data.aws_availability_zones.available"
          ]
        },
        {
          "index_key": "1",
          "schema_version": 1,
          "attributes": {
            "arn": "arn:aws:ec2:us-west-1:909799647907:subnet/subnet-0f22eb0fe7c7915ac",
            "assign_ipv6_address_on_creation": false,
            "availability_zone": "us-west-1c",
            "availability_zone_id": "usw1-az3",
            "cidr_block": "10.10.12.0/24",
            "customer_owned_ipv4_pool": "",
            "enable_dns64": false,
            "enable_lni_at_device_index": 0,
            "enable_resource_name_dns_a_record_on_launch": false,
            "enable_resource_name_dns_aaaa_record_on_launch": false,
            "id": "subnet-0f22eb0fe7c7915ac",
            "ipv6_cidr_block": "",
            "ipv6_cidr_block_association_id": "",
            "ipv6_native": false,
            "map_customer_owned_ip_on_launch": false,
            "map_public_ip_on_launch": false,
            "outpost_arn": "",
            "owner_id": "909799647907",
            "private_dns_hostname_type_on_launch": "ip-name",
            "region": "us-west-1",
            "tags": {
              "Name": "private-eks-cluster-private-1"
            },
            "tags_all": {
              "Name": "private-eks-cluster-private-1"
            },
            "timeouts": null,
            "vpc_id": "vpc-0d9268359fbd3a194"
          },
          "sensitive_attributes": [],
          "identity_schema_version": 0,
          "identity": {
            "account_id": "909799647907",
            "id": "subnet-0f22eb0fe7c7915ac",
            "region": "us-west-1"
          },
          "private": "eyJlMmJmYjczMC1lY2FhLTExZTYtOGY4OC0zNDM2M2JjN2M0YzAiOnsiY3JlYXRlIjo2MDAwMDAwMDAwMDAsImRlbGV0ZSI6MTIwMDAwMDAwMDAwMH0sInNjaGVtYV92ZXJzaW9uIjoiMSJ9",
          "dependencies": [
            "aws_vpc.this",
            "data.aws_availability_zones.available"
          ]
        }
      ]
    },
    {
      "mode": "managed",
      "type": "aws_subnet",
      "name": "public",
      "provider": "provider[\"registry.terraform.io/hashicorp/aws\"]",
      "instances": [
        {
          "index_key": "0",
          "schema_version": 1,
          "attributes": {
            "arn": "arn:aws:ec2:us-west-1:909799647907:subnet/subnet-0225439023c4bea03",
            "assign_ipv6_address_on_creation": false,
            "availability_zone": "us-west-1a",
            "availability_zone_id": "usw1-az1",
            "cidr_block": "10.10.1.0/24",
            "customer_owned_ipv4_pool": "",
            "enable_dns64": false,
            "enable_lni_at_device_index": 0,
            "enable_resource_name_dns_a_record_on_launch": false,
            "enable_resource_name_dns_aaaa_record_on_launch": false,
            "id": "subnet-0225439023c4bea03",
            "ipv6_cidr_block": "",
            "ipv6_cidr_block_association_id": "",
            "ipv6_native": false,
            "map_customer_owned_ip_on_launch": false,
            "map_public_ip_on_launch": true,
            "outpost_arn": "",
            "owner_id": "909799647907",
            "private_dns_hostname_type_on_launch": "ip-name",
            "region": "us-west-1",
            "tags": {
              "Name": "private-eks-cluster-public-0"
            },
            "tags_all": {
              "Name": "private-eks-cluster-public-0"
            },
            "timeouts": null,
            "vpc_id": "vpc-0d9268359fbd3a194"
          },
          "sensitive_attributes": [],
          "identity_schema_version": 0,
          "identity": {
            "account_id": "909799647907",
            "id": "subnet-0225439023c4bea03",
            "region": "us-west-1"
          },
          "private": "eyJlMmJmYjczMC1lY2FhLTExZTYtOGY4OC0zNDM2M2JjN2M0YzAiOnsiY3JlYXRlIjo2MDAwMDAwMDAwMDAsImRlbGV0ZSI6MTIwMDAwMDAwMDAwMH0sInNjaGVtYV92ZXJzaW9uIjoiMSJ9",
          "dependencies": [
            "aws_vpc.this",
            "data.aws_availability_zones.available"
          ]
        },
        {
          "index_key": "1",
          "schema_version": 1,
          "attributes": {
            "arn": "arn:aws:ec2:us-west-1:909799647907:subnet/subnet-021db68fb3b1a81e1",
            "assign_ipv6_address_on_creation": false,
            "availability_zone": "us-west-1c",
            "availability_zone_id": "usw1-az3",
            "cidr_block": "10.10.2.0/24",
            "customer_owned_ipv4_pool": "",
            "enable_dns64": false,
            "enable_lni_at_device_index": 0,
            "enable_resource_name_dns_a_record_on_launch": false,
            "enable_resource_name_dns_aaaa_record_on_launch": false,
            "id": "subnet-021db68fb3b1a81e1",
            "ipv6_cidr_block": "",
            "ipv6_cidr_block_association_id": "",
            "ipv6_native": false,
            "map_customer_owned_ip_on_launch": false,
            "map_public_ip_on_launch": true,
            "outpost_arn": "",
            "owner_id": "909799647907",
            "private_dns_hostname_type_on_launch": "ip-name",
            "region": "us-west-1",
            "tags": {
              "Name": "private-eks-cluster-public-1"
            },
            "tags_all": {
              "Name": "private-eks-cluster-public-1"
            },
            "timeouts": null,
            "vpc_id": "vpc-0d9268359fbd3a194"
          },
          "sensitive_attributes": [],
          "identity_schema_version": 0,
          "identity": {
            "account_id": "909799647907",
            "id": "subnet-021db68fb3b1a81e1",
            "region": "us-west-1"
          },
          "private": "eyJlMmJmYjczMC1lY2FhLTExZTYtOGY4OC0zNDM2M2JjN2M0YzAiOnsiY3JlYXRlIjo2MDAwMDAwMDAwMDAsImRlbGV0ZSI6MTIwMDAwMDAwMDAwMH0sInNjaGVtYV92ZXJzaW9uIjoiMSJ9",
          "dependencies": [
            "aws_vpc.this",
            "data.aws_availability_zones.available"
          ]
        }
      ]
    },
    {
      "mode": "managed",
      "type": "aws_vpc",
      "name": "this",
      "provider": "provider[\"registry.terraform.io/hashicorp/aws\"]",
      "instances": [
        {
          "schema_version": 1,
          "attributes": {
            "arn": "arn:aws:ec2:us-west-1:909799647907:vpc/vpc-0d9268359fbd3a194",
            "assign_generated_ipv6_cidr_block": false,
            "cidr_block": "10.10.0.0/16",
            "default_network_acl_id": "acl-0108427693a030c36",
            "default_route_table_id": "rtb-05245b594f5e2777f",
            "default_security_group_id": "sg-008cd063b5ae11df0",
            "dhcp_options_id": "dopt-0e70f7600c3f3fd01",
            "enable_dns_hostnames": true,
            "enable_dns_support": true,
            "enable_network_address_usage_metrics": false,
            "id": "vpc-0d9268359fbd3a194",
            "instance_tenancy": "default",
            "ipv4_ipam_pool_id": null,
            "ipv4_netmask_length": null,
            "ipv6_association_id": "",
            "ipv6_cidr_block": "",
            "ipv6_cidr_block_network_border_group": "",
            "ipv6_ipam_pool_id": "",
            "ipv6_netmask_length": 0,
            "main_route_table_id": "rtb-05245b594f5e2777f",
            "owner_id": "909799647907",
            "region": "us-west-1",
            "tags": {
              "Name": "private-eks-cluster-vpc"
            },
            "tags_all": {
              "Name": "private-eks-cluster-vpc"
            }
          },
          "sensitive_attributes": [],
          "identity_schema_version": 0,
          "private": "eyJzY2hlbWFfdmVyc2lvbiI6IjEifQ=="
        }
      ]
    },
    {
      "mode": "managed",
      "type": "aws_vpc_endpoint",
      "name": "interface_endpoints",
      "provider": "provider[\"registry.terraform.io/hashicorp/aws\"]",
      "instances": [
        {
          "index_key": "ec2",
          "schema_version": 0,
          "attributes": {
            "arn": "arn:aws:ec2:us-west-1:909799647907:vpc-endpoint/vpce-08ebbd226c93e8ce9",
            "auto_accept": null,
            "cidr_blocks": [],
            "dns_entry": [
              {
                "dns_name": "vpce-08ebbd226c93e8ce9-431sy3im.ec2.us-west-1.vpce.amazonaws.com",
                "hosted_zone_id": "Z12I86A8N7VCZO"
              },
              {
                "dns_name": "vpce-08ebbd226c93e8ce9-431sy3im-us-west-1c.ec2.us-west-1.vpce.amazonaws.com",
                "hosted_zone_id": "Z12I86A8N7VCZO"
              },
              {
                "dns_name": "vpce-08ebbd226c93e8ce9-431sy3im-us-west-1a.ec2.us-west-1.vpce.amazonaws.com",
                "hosted_zone_id": "Z12I86A8N7VCZO"
              },
              {
                "dns_name": "ec2.us-west-1.amazonaws.com",
                "hosted_zone_id": "Z02548572DITVV300V094"
              },
              {
                "dns_name": "ec2.us-west-1.api.aws",
                "hosted_zone_id": "Z01053431TG114L22TNUY"
              }
            ],
            "dns_options": [
              {
                "dns_record_ip_type": "ipv4",
                "private_dns_only_for_inbound_resolver_endpoint": false
              }
            ],
            "id": "vpce-08ebbd226c93e8ce9",
            "ip_address_type": "ipv4",
            "network_interface_ids": [
              "eni-017160fa1012231f1",
              "eni-0d1d6680bf43624fa"
            ],
            "owner_id": "909799647907",
            "policy": "{\"Statement\":[{\"Action\":\"*\",\"Effect\":\"Allow\",\"Principal\":\"*\",\"Resource\":\"*\"}]}",
            "prefix_list_id": null,
            "private_dns_enabled": true,
            "region": "us-west-1",
            "requester_managed": false,
            "resource_configuration_arn": "",
            "route_table_ids": [],
            "security_group_ids": [
              "sg-01314471ce12f46e0"
            ],
            "service_name": "com.amazonaws.us-west-1.ec2",
            "service_network_arn": "",
            "service_region": "us-west-1",
            "state": "available",
            "subnet_configuration": [
              {
                "ipv4": "10.10.11.18",
                "ipv6": "",
                "subnet_id": "subnet-05f17513bb125add4"
              },
              {
                "ipv4": "10.10.12.4",
                "ipv6": "",
                "subnet_id": "subnet-0f22eb0fe7c7915ac"
              }
            ],
            "subnet_ids": [
              "subnet-05f17513bb125add4",
              "subnet-0f22eb0fe7c7915ac"
            ],
            "tags": {
              "Name": "private-eks-cluster-ec2-endpoint"
            },
            "tags_all": {
              "Name": "private-eks-cluster-ec2-endpoint"
            },
            "timeouts": null,
            "vpc_endpoint_type": "Interface",
            "vpc_id": "vpc-0d9268359fbd3a194"
          },
          "sensitive_attributes": [],
          "identity_schema_version": 0,
          "private": "eyJlMmJmYjczMC1lY2FhLTExZTYtOGY4OC0zNDM2M2JjN2M0YzAiOnsiY3JlYXRlIjo2MDAwMDAwMDAwMDAsImRlbGV0ZSI6NjAwMDAwMDAwMDAwLCJ1cGRhdGUiOjYwMDAwMDAwMDAwMH19",
          "dependencies": [
            "aws_security_group.endpoints_sg",
            "aws_subnet.private",
            "aws_vpc.this",
            "data.aws_availability_zones.available"
          ]
        },
        {
          "index_key": "ecr.api",
          "schema_version": 0,
          "attributes": {
            "arn": "arn:aws:ec2:us-west-1:909799647907:vpc-endpoint/vpce-0c7965a602862edc5",
            "auto_accept": null,
            "cidr_blocks": [],
            "dns_entry": [
              {
                "dns_name": "vpce-0c7965a602862edc5-rxydg3mw.api.ecr.us-west-1.vpce.amazonaws.com",
                "hosted_zone_id": "Z12I86A8N7VCZO"
              },
              {
                "dns_name": "vpce-0c7965a602862edc5-rxydg3mw-us-west-1a.api.ecr.us-west-1.vpce.amazonaws.com",
                "hosted_zone_id": "Z12I86A8N7VCZO"
              },
              {
                "dns_name": "vpce-0c7965a602862edc5-rxydg3mw-us-west-1c.api.ecr.us-west-1.vpce.amazonaws.com",
                "hosted_zone_id": "Z12I86A8N7VCZO"
              },
              {
                "dns_name": "api.ecr.us-west-1.amazonaws.com",
                "hosted_zone_id": "Z06121101L865I1NXEZ36"
              },
              {
                "dns_name": "ecr.us-west-1.api.aws",
                "hosted_zone_id": "Z061136115IP1V921VLVI"
              }
            ],
            "dns_options": [
              {
                "dns_record_ip_type": "ipv4",
                "private_dns_only_for_inbound_resolver_endpoint": false
              }
            ],
            "id": "vpce-0c7965a602862edc5",
            "ip_address_type": "ipv4",
            "network_interface_ids": [
              "eni-0673d60c1d026d4e1",
              "eni-075c6a7c5669e7084"
            ],
            "owner_id": "909799647907",
            "policy": "{\"Statement\":[{\"Action\":\"*\",\"Effect\":\"Allow\",\"Principal\":\"*\",\"Resource\":\"*\"}]}",
            "prefix_list_id": null,
            "private_dns_enabled": true,
            "region": "us-west-1",
            "requester_managed": false,
            "resource_configuration_arn": "",
            "route_table_ids": [],
            "security_group_ids": [
              "sg-01314471ce12f46e0"
            ],
            "service_name": "com.amazonaws.us-west-1.ecr.api",
            "service_network_arn": "",
            "service_region": "us-west-1",
            "state": "available",
            "subnet_configuration": [
              {
                "ipv4": "10.10.11.126",
                "ipv6": "",
                "subnet_id": "subnet-05f17513bb125add4"
              },
              {
                "ipv4": "10.10.12.115",
                "ipv6": "",
                "subnet_id": "subnet-0f22eb0fe7c7915ac"
              }
            ],
            "subnet_ids": [
              "subnet-05f17513bb125add4",
              "subnet-0f22eb0fe7c7915ac"
            ],
            "tags": {
              "Name": "private-eks-cluster-ecr.api-endpoint"
            },
            "tags_all": {
              "Name": "private-eks-cluster-ecr.api-endpoint"
            },
            "timeouts": null,
            "vpc_endpoint_type": "Interface",
            "vpc_id": "vpc-0d9268359fbd3a194"
          },
          "sensitive_attributes": [],
          "identity_schema_version": 0,
          "private": "eyJlMmJmYjczMC1lY2FhLTExZTYtOGY4OC0zNDM2M2JjN2M0YzAiOnsiY3JlYXRlIjo2MDAwMDAwMDAwMDAsImRlbGV0ZSI6NjAwMDAwMDAwMDAwLCJ1cGRhdGUiOjYwMDAwMDAwMDAwMH19",
          "dependencies": [
            "aws_security_group.endpoints_sg",
            "aws_subnet.private",
            "aws_vpc.this",
            "data.aws_availability_zones.available"
          ]
        },
        {
          "index_key": "ecr.dkr",
          "schema_version": 0,
          "attributes": {
            "arn": "arn:aws:ec2:us-west-1:909799647907:vpc-endpoint/vpce-065508f7549bd7eb7",
            "auto_accept": null,
            "cidr_blocks": [],
            "dns_entry": [
              {
                "dns_name": "vpce-065508f7549bd7eb7-ew0a1vrx.dkr.ecr.us-west-1.vpce.amazonaws.com",
                "hosted_zone_id": "Z12I86A8N7VCZO"
              },
              {
                "dns_name": "vpce-065508f7549bd7eb7-ew0a1vrx-us-west-1c.dkr.ecr.us-west-1.vpce.amazonaws.com",
                "hosted_zone_id": "Z12I86A8N7VCZO"
              },
              {
                "dns_name": "vpce-065508f7549bd7eb7-ew0a1vrx-us-west-1a.dkr.ecr.us-west-1.vpce.amazonaws.com",
                "hosted_zone_id": "Z12I86A8N7VCZO"
              },
              {
                "dns_name": "dkr.ecr.us-west-1.amazonaws.com",
                "hosted_zone_id": "Z008578522PMENHMXMR02"
              },
              {
                "dns_name": "*.dkr.ecr.us-west-1.amazonaws.com",
                "hosted_zone_id": "Z008578522PMENHMXMR02"
              },
              {
                "dns_name": "dkr-ecr.us-west-1.on.aws",
                "hosted_zone_id": "Z010332339PM5HBJQAAX"
              },
              {
                "dns_name": "*.dkr-ecr.us-west-1.on.aws",
                "hosted_zone_id": "Z010332339PM5HBJQAAX"
              }
            ],
            "dns_options": [
              {
                "dns_record_ip_type": "ipv4",
                "private_dns_only_for_inbound_resolver_endpoint": false
              }
            ],
            "id": "vpce-065508f7549bd7eb7",
            "ip_address_type": "ipv4",
            "network_interface_ids": [
              "eni-06f61d0c86412b6eb",
              "eni-0c9ebbd609f152a4d"
            ],
            "owner_id": "909799647907",
            "policy": "{\"Statement\":[{\"Action\":\"*\",\"Effect\":\"Allow\",\"Principal\":\"*\",\"Resource\":\"*\"}]}",
            "prefix_list_id": null,
            "private_dns_enabled": true,
            "region": "us-west-1",
            "requester_managed": false,
            "resource_configuration_arn": "",
            "route_table_ids": [],
            "security_group_ids": [
              "sg-01314471ce12f46e0"
            ],
            "service_name": "com.amazonaws.us-west-1.ecr.dkr",
            "service_network_arn": "",
            "service_region": "us-west-1",
            "state": "available",
            "subnet_configuration": [
              {
                "ipv4": "10.10.11.216",
                "ipv6": "",
                "subnet_id": "subnet-05f17513bb125add4"
              },
              {
                "ipv4": "10.10.12.55",
                "ipv6": "",
                "subnet_id": "subnet-0f22eb0fe7c7915ac"
              }
            ],
            "subnet_ids": [
              "subnet-05f17513bb125add4",
              "subnet-0f22eb0fe7c7915ac"
            ],
            "tags": {
              "Name": "private-eks-cluster-ecr.dkr-endpoint"
            },
            "tags_all": {
              "Name": "private-eks-cluster-ecr.dkr-endpoint"
            },
            "timeouts": null,
            "vpc_endpoint_type": "Interface",
            "vpc_id": "vpc-0d9268359fbd3a194"
          },
          "sensitive_attributes": [],
          "identity_schema_version": 0,
          "private": "eyJlMmJmYjczMC1lY2FhLTExZTYtOGY4OC0zNDM2M2JjN2M0YzAiOnsiY3JlYXRlIjo2MDAwMDAwMDAwMDAsImRlbGV0ZSI6NjAwMDAwMDAwMDAwLCJ1cGRhdGUiOjYwMDAwMDAwMDAwMH19",
          "dependencies": [
            "aws_security_group.endpoints_sg",
            "aws_subnet.private",
            "aws_vpc.this",
            "data.aws_availability_zones.available"
          ]
        },
        {
          "index_key": "logs",
          "schema_version": 0,
          "attributes": {
            "arn": "arn:aws:ec2:us-west-1:909799647907:vpc-endpoint/vpce-06b8e011c36b307f2",
            "auto_accept": null,
            "cidr_blocks": [],
            "dns_entry": [
              {
                "dns_name": "vpce-06b8e011c36b307f2-1csjvhyo.logs.us-west-1.vpce.amazonaws.com",
                "hosted_zone_id": "Z12I86A8N7VCZO"
              },
              {
                "dns_name": "vpce-06b8e011c36b307f2-1csjvhyo-us-west-1c.logs.us-west-1.vpce.amazonaws.com",
                "hosted_zone_id": "Z12I86A8N7VCZO"
              },
              {
                "dns_name": "vpce-06b8e011c36b307f2-1csjvhyo-us-west-1a.logs.us-west-1.vpce.amazonaws.com",
                "hosted_zone_id": "Z12I86A8N7VCZO"
              },
              {
                "dns_name": "logs.us-west-1.amazonaws.com",
                "hosted_zone_id": "Z01052251TWCZQ7BS9451"
              },
              {
                "dns_name": "logs.us-west-1.api.aws",
                "hosted_zone_id": "Z00945701USJRS9EZXPCY"
              },
              {
                "dns_name": "streaming-logs.us-west-1.amazonaws.com",
                "hosted_zone_id": "Z06105521RKPABU5MWL7Y"
              },
              {
                "dns_name": "streaming-logs.us-west-1.api.aws",
                "hosted_zone_id": "Z06341541I059E7LPEEE9"
              }
            ],
            "dns_options": [
              {
                "dns_record_ip_type": "ipv4",
                "private_dns_only_for_inbound_resolver_endpoint": false
              }
            ],
            "id": "vpce-06b8e011c36b307f2",
            "ip_address_type": "ipv4",
            "network_interface_ids": [
              "eni-0224f9d839c07f9fa",
              "eni-064f679684fd4d9c4"
            ],
            "owner_id": "909799647907",
            "policy": "{\"Statement\":[{\"Action\":\"*\",\"Effect\":\"Allow\",\"Principal\":\"*\",\"Resource\":\"*\"}]}",
            "prefix_list_id": null,
            "private_dns_enabled": true,
            "region": "us-west-1",
            "requester_managed": false,
            "resource_configuration_arn": "",
            "route_table_ids": [],
            "security_group_ids": [
              "sg-01314471ce12f46e0"
            ],
            "service_name": "com.amazonaws.us-west-1.logs",
            "service_network_arn": "",
            "service_region": "us-west-1",
            "state": "available",
            "subnet_configuration": [
              {
                "ipv4": "10.10.11.94",
                "ipv6": "",
                "subnet_id": "subnet-05f17513bb125add4"
              },
              {
                "ipv4": "10.10.12.229",
                "ipv6": "",
                "subnet_id": "subnet-0f22eb0fe7c7915ac"
              }
            ],
            "subnet_ids": [
              "subnet-05f17513bb125add4",
              "subnet-0f22eb0fe7c7915ac"
            ],
            "tags": {
              "Name": "private-eks-cluster-logs-endpoint"
            },
            "tags_all": {
              "Name": "private-eks-cluster-logs-endpoint"
            },
            "timeouts": null,
            "vpc_endpoint_type": "Interface",
            "vpc_id": "vpc-0d9268359fbd3a194"
          },
          "sensitive_attributes": [],
          "identity_schema_version": 0,
          "private": "eyJlMmJmYjczMC1lY2FhLTExZTYtOGY4OC0zNDM2M2JjN2M0YzAiOnsiY3JlYXRlIjo2MDAwMDAwMDAwMDAsImRlbGV0ZSI6NjAwMDAwMDAwMDAwLCJ1cGRhdGUiOjYwMDAwMDAwMDAwMH19",
          "dependencies": [
            "aws_security_group.endpoints_sg",
            "aws_subnet.private",
            "aws_vpc.this",
            "data.aws_availability_zones.available"
          ]
        },
        {
          "index_key": "sts",
          "schema_version": 0,
          "attributes": {
            "arn": "arn:aws:ec2:us-west-1:909799647907:vpc-endpoint/vpce-08a33815455d2ddaf",
            "auto_accept": null,
            "cidr_blocks": [],
            "dns_entry": [
              {
                "dns_name": "vpce-08a33815455d2ddaf-qqnrvtgr.sts.us-west-1.vpce.amazonaws.com",
                "hosted_zone_id": "Z12I86A8N7VCZO"
              },
              {
                "dns_name": "vpce-08a33815455d2ddaf-qqnrvtgr-us-west-1c.sts.us-west-1.vpce.amazonaws.com",
                "hosted_zone_id": "Z12I86A8N7VCZO"
              },
              {
                "dns_name": "vpce-08a33815455d2ddaf-qqnrvtgr-us-west-1a.sts.us-west-1.vpce.amazonaws.com",
                "hosted_zone_id": "Z12I86A8N7VCZO"
              },
              {
                "dns_name": "sts.us-west-1.amazonaws.com",
                "hosted_zone_id": "Z025397629ZR6GLM3CWEK"
              },
              {
                "dns_name": "sts.us-west-1.api.aws",
                "hosted_zone_id": "Z01052671Z35YZKIXBRG9"
              }
            ],
            "dns_options": [
              {
                "dns_record_ip_type": "ipv4",
                "private_dns_only_for_inbound_resolver_endpoint": false
              }
            ],
            "id": "vpce-08a33815455d2ddaf",
            "ip_address_type": "ipv4",
            "network_interface_ids": [
              "eni-0a2babb811dc708c7",
              "eni-0a3a2e4dc72b3da49"
            ],
            "owner_id": "909799647907",
            "policy": "{\"Statement\":[{\"Action\":\"*\",\"Effect\":\"Allow\",\"Principal\":\"*\",\"Resource\":\"*\"}]}",
            "prefix_list_id": null,
            "private_dns_enabled": true,
            "region": "us-west-1",
            "requester_managed": false,
            "resource_configuration_arn": "",
            "route_table_ids": [],
            "security_group_ids": [
              "sg-01314471ce12f46e0"
            ],
            "service_name": "com.amazonaws.us-west-1.sts",
            "service_network_arn": "",
            "service_region": "us-west-1",
            "state": "available",
            "subnet_configuration": [
              {
                "ipv4": "10.10.11.87",
                "ipv6": "",
                "subnet_id": "subnet-05f17513bb125add4"
              },
              {
                "ipv4": "10.10.12.41",
                "ipv6": "",
                "subnet_id": "subnet-0f22eb0fe7c7915ac"
              }
            ],
            "subnet_ids": [
              "subnet-05f17513bb125add4",
              "subnet-0f22eb0fe7c7915ac"
            ],
            "tags": {
              "Name": "private-eks-cluster-sts-endpoint"
            },
            "tags_all": {
              "Name": "private-eks-cluster-sts-endpoint"
            },
            "timeouts": null,
            "vpc_endpoint_type": "Interface",
            "vpc_id": "vpc-0d9268359fbd3a194"
          },
          "sensitive_attributes": [],
          "identity_schema_version": 0,
          "private": "eyJlMmJmYjczMC1lY2FhLTExZTYtOGY4OC0zNDM2M2JjN2M0YzAiOnsiY3JlYXRlIjo2MDAwMDAwMDAwMDAsImRlbGV0ZSI6NjAwMDAwMDAwMDAwLCJ1cGRhdGUiOjYwMDAwMDAwMDAwMH19",
          "dependencies": [
            "aws_security_group.endpoints_sg",
            "aws_subnet.private",
            "aws_vpc.this",
            "data.aws_availability_zones.available"
          ]
        }
      ]
    },
    {
      "mode": "managed",
      "type": "aws_vpc_endpoint",
      "name": "s3",
      "provider": "provider[\"registry.terraform.io/hashicorp/aws\"]",
      "instances": [
        {
          "schema_version": 0,
          "attributes": {
            "arn": "arn:aws:ec2:us-west-1:909799647907:vpc-endpoint/vpce-04627caa63d8595ba",
            "auto_accept": null,
            "cidr_blocks": [
              "52.219.220.0/23",
              "52.219.120.0/22",
              "16.15.0.0/21",
              "52.219.216.0/23",
              "52.219.194.0/24",
              "52.219.24.0/21",
              "52.219.112.0/21",
              "3.5.160.0/22",
              "52.219.255.0/24",
              "52.219.192.0/23"
            ],
            "dns_entry": [],
            "dns_options": [],
            "id": "vpce-04627caa63d8595ba",
            "ip_address_type": "",
            "network_interface_ids": [],
            "owner_id": "909799647907",
            "policy": "{\"Statement\":[{\"Action\":\"*\",\"Effect\":\"Allow\",\"Principal\":\"*\",\"Resource\":\"*\"}],\"Version\":\"2008-10-17\"}",
            "prefix_list_id": "pl-6ba54002",
            "private_dns_enabled": false,
            "region": "us-west-1",
            "requester_managed": false,
            "resource_configuration_arn": "",
            "route_table_ids": [
              "rtb-03d48cfcf80ba0660",
              "rtb-06a876c6fb84ab4ea"
            ],
            "security_group_ids": [],
            "service_name": "com.amazonaws.us-west-1.s3",
            "service_network_arn": "",
            "service_region": "us-west-1",
            "state": "available",
            "subnet_configuration": [],
            "subnet_ids": [],
            "tags": {
              "Name": "private-eks-cluster-s3-endpoint"
            },
            "tags_all": {
              "Name": "private-eks-cluster-s3-endpoint"
            },
            "timeouts": null,
            "vpc_endpoint_type": "Gateway",
            "vpc_id": "vpc-0d9268359fbd3a194"
          },
          "sensitive_attributes": [],
          "identity_schema_version": 0,
          "private": "eyJlMmJmYjczMC1lY2FhLTExZTYtOGY4OC0zNDM2M2JjN2M0YzAiOnsiY3JlYXRlIjo2MDAwMDAwMDAwMDAsImRlbGV0ZSI6NjAwMDAwMDAwMDAwLCJ1cGRhdGUiOjYwMDAwMDAwMDAwMH19",
          "dependencies": [
            "aws_eip.nat",
            "aws_internet_gateway.igw",
            "aws_nat_gateway.nat",
            "aws_route_table.private",
            "aws_route_table.public",
            "aws_subnet.public",
            "aws_vpc.this",
            "data.aws_availability_zones.available"
          ]
        }
      ]
    },
    {
      "mode": "managed",
      "type": "local_file",
      "name": "kubeconfig",
      "provider": "provider[\"registry.terraform.io/hashicorp/local\"]",
      "instances": [
        {
          "schema_version": 0,
          "attributes": {
            "content": "apiVersion: v1\r\nclusters:\r\n- cluster:\r\n    server: https://9181A6282C202417F6A8463BF27298E4.yl4.us-west-1.eks.amazonaws.com\r\n    certificate-authority-data: LS0tLS1CRUdJTiBDRVJUSUZJQ0FURS0tLS0tCk1JSURCVENDQWUyZ0F3SUJBZ0lJRFFFVFgxUWtBOE13RFFZSktvWklodmNOQVFFTEJRQXdGVEVUTUJFR0ExVUUKQXhNS2EzVmlaWEp1WlhSbGN6QWVGdzB5TlRBNU1Ea3dPVEF4TVRGYUZ3MHpOVEE1TURjd09UQTJNVEZhTUJVeApFekFSQmdOVkJBTVRDbXQxWW1WeWJtVjBaWE13Z2dFaU1BMEdDU3FHU0liM0RRRUJBUVVBQTRJQkR3QXdnZ0VLCkFvSUJBUURTUkVoOXRJUlkxMFZSUURCZW1HcC9GbWNVQU10WWlpcUp4TVJMdGFCYXhWMk5LQ3pXZ1M0Qm04b3cKWkduZ0ViejcvMVZpYk9CTGpNL21kVFYrWnBHUHNqdEdjMjZWQXk1Y00vWFJ6NTNzOWpIVWVWL1hnL1BRZTYxMgpUaHpQUzgyZncyTjIvcC9kRWUyc1ZxV1hrWjVSamhFbzlmOXRBR2JGVmN3VGNrTThjdlpyV1Y2Mzc3M0oxTEpMCmgvaGxNa3N5SnhOOUh6bWt0YlZPMWVSejlvenhTWE5WZFhmVVZSMHZCalBKWjdyaElCQmVvMzNXbzlUYk9BM1AKOGR6bGFwYUZ1NG1Ec2MrWGlLVWlTdW01YzAzQ0c1QklHckdoek1DZTU0SFVjMmh2UkJCSDdNaFh6Q01kQ3B1cAo4UkN4Q2ZiZVRQNGV1SUNtcms0Y1RrY085bjYxQWdNQkFBR2pXVEJYTUE0R0ExVWREd0VCL3dRRUF3SUNwREFQCkJnTlZIUk1CQWY4RUJUQURBUUgvTUIwR0ExVWREZ1FXQkJUNVRFcmhMamIrU3JyOXEyUmlvZTUyeFpBQU5EQVYKQmdOVkhSRUVEakFNZ2dwcmRXSmxjbTVsZEdWek1BMEdDU3FHU0liM0RRRUJDd1VBQTRJQkFRQnRhN3RtY1VTdApMejI1dWxYMEFuMWlscEo5L24vVVBxRW9vcU9BSFFKYTBKUENyQ01SUXpRaXVnNFFHTGVWN1I4MXo2RUc2Sy9HCm5sR29MNTNkOGhIRE00WDJITVpUSzNSMUtxM2d0Ry91Q0RFNGpuSHA2bTFkTlhWZ3FjZ3dYcThPOTN3RWxhYWEKQ0cvZjNMRG1zR3Z5eHI3SFB3OC82RVRFL01jWDlCUmdnM2JrTnM3cm8xS3VYMEl3bHJXaHRXaVlIRFJUSzB5UwpPWlNFbVloOHk4VGJweDhwdHhTZ0FGRUkrN3lTajI1YlZpeVlGOTl3WDJYamI2VCtXaXhzZWhVeUtjeldFVE5JCjBCNnNJdUp0cGV1bEJOSVRlV09GYkRXdHQ0K3k0RDhSWU1pQjBER213K2dHYTFrNlFBdVd1eENGdm1RTmNRNnIKak45UVhTRWovZXh0Ci0tLS0tRU5EIENFUlRJRklDQVRFLS0tLS0K\r\n  name: private-eks-cluster\r\ncontexts:\r\n- context:\r\n    cluster: private-eks-cluster\r\n    user: aws\r\n  name: private-eks-cluster\r\ncurrent-context: private-eks-cluster\r\nkind: Config\r\npreferences: {}\r\nusers:\r\n- name: aws\r\n  user:\r\n    exec:\r\n      apiVersion: client.authentication.k8s.io/v1beta1\r\n      command: aws\r\n      args:\r\n        - \"eks\"\r\n        - \"get-token\"\r\n        - \"--cluster-name\"\r\n        - \"private-eks-cluster\"\r\n        - \"--region\"\r\n        - \"us-west-1\"",
            "content_base64": null,
            "content_base64sha256": "YMoj+y0NRXToefWeFWybhpV91XUeH6R58qLoGplApco=",
            "content_base64sha512": "2u4f4HjS85f4Fi+F/De8sd2ybtxt3gbkZQbPBOcg8Yzk6CzvkYEU2PFgG905OckGD3ZZJqowLIT4+upUKPZuQA==",
            "content_md5": "7012641ccf2d9abda97dd2b365b66d95",
            "content_sha1": "d17050ad1b79cb3c7672c0ba0d36bfb5fb50603c",
            "content_sha256": "60ca23fb2d0d4574e879f59e156c9b86957dd5751e1fa479f2a2e81a9940a5ca",
            "content_sha512": "daee1fe078d2f397f8162f85fc37bcb1ddb26edc6dde06e46506cf04e720f18ce4e82cef918114d8f1601bdd3939c9060f765926aa302c84f8faea5428f66e40",
            "directory_permission": "0777",
            "file_permission": "0777",
            "filename": "./kubeconfig-private-eks-cluster.yaml",
            "id": "d17050ad1b79cb3c7672c0ba0d36bfb5fb50603c",
            "sensitive_content": null,
            "source": null
          },
          "sensitive_attributes": [
            [
              {
                "type": "get_attr",
                "value": "sensitive_content"
              }
            ]
          ],
          "identity_schema_version": 0,
          "dependencies": [
            "aws_eks_cluster.this",
            "aws_iam_role.eks_cluster",
            "aws_iam_role_policy_attachment.eks_cluster_AmazonEKSClusterPolicy",
            "aws_iam_role_policy_attachment.eks_cluster_AmazonEKSServicePolicy",
            "aws_subnet.private",
            "aws_vpc.this",
            "data.aws_availability_zones.available",
            "data.aws_iam_policy_document.eks_assume_role"
          ]
        }
      ]
    }
  ],
  "check_results": null
}
